// !$*UTF8*$!
{
	archiveVersion = 1;
	classes = {
	};
	objectVersion = 77;
	objects = {

/* Begin PBXContainerItemProxy section */
		142E07342F93ABD50083CB3E /* PBXContainerItemProxy */ = {
			isa = PBXContainerItemProxy;
			containerPortal = 142E07192F93ABD40083CB3E /* Project object */;
			proxyType = 1;
			remoteGlobalIDString = 142E07202F93ABD40083CB3E;
			remoteInfo = "Mediacl Academic Interpreter";
		};
		142E073E2F93ABD50083CB3E /* PBXContainerItemProxy */ = {
			isa = PBXContainerItemProxy;
			containerPortal = 142E07192F93ABD40083CB3E /* Project object */;
			proxyType = 1;
			remoteGlobalIDString = 142E07202F93ABD40083CB3E;
			remoteInfo = "Mediacl Academic Interpreter";
		};
/* End PBXContainerItemProxy section */

/* Begin PBXFileReference section */
		142E07212F93ABD40083CB3E /* Mediacl Academic Interpreter.app */ = {isa = PBXFileReference; explicitFileType = wrapper.application; includeInIndex = 0; path = "Mediacl Academic Interpreter.app"; sourceTree = BUILT_PRODUCTS_DIR; };
		142E07332F93ABD50083CB3E /* Mediacl Academic InterpreterTests.xctest */ = {isa = PBXFileReference; explicitFileType = wrapper.cfbundle; includeInIndex = 0; path = "Mediacl Academic InterpreterTests.xctest"; sourceTree = BUILT_PRODUCTS_DIR; };
		142E073D2F93ABD50083CB3E /* Mediacl Academic InterpreterUITests.xctest */ = {isa = PBXFileReference; explicitFileType = wrapper.cfbundle; includeInIndex = 0; path = "Mediacl Academic InterpreterUITests.xctest"; sourceTree = BUILT_PRODUCTS_DIR; };
/* End PBXFileReference section */

/* Begin PBXFileSystemSynchronizedRootGroup section */
		142E07232F93ABD40083CB3E /* Mediacl Academic Interpreter */ = {
			isa = PBXFileSystemSynchronizedRootGroup;
			path = "Mediacl Academic Interpreter";
			sourceTree = "<group>";
		};
		142E07362F93ABD50083CB3E /* Mediacl Academic InterpreterTests */ = {
			isa = PBXFileSystemSynchronizedRootGroup;
			path = "Mediacl Academic InterpreterTests";
			sourceTree = "<group>";
		};
		142E07402F93ABD50083CB3E /* Mediacl Academic InterpreterUITests */ = {
			isa = PBXFileSystemSynchronizedRootGroup;
			path = "Mediacl Academic InterpreterUITests";
			sourceTree = "<group>";
		};
/* End PBXFileSystemSynchronizedRootGroup section */

/* Begin PBXFrameworksBuildPhase section */
		142E071E2F93ABD40083CB3E /* Frameworks */ = {
			isa = PBXFrameworksBuildPhase;
			buildActionMask = 2147483647;
			files = (
			);
			runOnlyForDeploymentPostprocessing = 0;
		};
		142E07302F93ABD50083CB3E /* Frameworks */ = {
			isa = PBXFrameworksBuildPhase;
			buildActionMask = 2147483647;
			files = (
			);
			runOnlyForDeploymentPostprocessing = 0;
		};
		142E073A2F93ABD50083CB3E /* Frameworks */ = {
			isa = PBXFrameworksBuildPhase;
			buildActionMask = 2147483647;
			files = (
			);
			runOnlyForDeploymentPostprocessing = 0;
		};
/* End PBXFrameworksBuildPhase section */

/* Begin PBXGroup section */
		142E07182F93ABD40083CB3E = {
			isa = PBXGroup;
			children = (
				142E07232F93ABD40083CB3E /* Mediacl Academic Interpreter */,
				142E07362F93ABD50083CB3E /* Mediacl Academic InterpreterTests */,
				142E07402F93ABD50083CB3E /* Mediacl Academic InterpreterUITests */,
				142E07222F93ABD40083CB3E /* Products */,
			);
			sourceTree = "<group>";
		};
		142E07222F93ABD40083CB3E /* Products */ = {
			isa = PBXGroup;
			children = (
				142E07212F93ABD40083CB3E /* Mediacl Academic Interpreter.app */,
				142E07332F93ABD50083CB3E /* Mediacl Academic InterpreterTests.xctest */,
				142E073D2F93ABD50083CB3E /* Mediacl Academic InterpreterUITests.xctest */,
			);
			name = Products;
			sourceTree = "<group>";
		};
/* End PBXGroup section */

/* Begin PBXNativeTarget section */
		142E07202F93ABD40083CB3E /* Mediacl Academic Interpreter */ = {
			isa = PBXNativeTarget;
			buildConfigurationList = 142E07472F93ABD50083CB3E /* Build configuration list for PBXNativeTarget "Mediacl Academic Interpreter" */;
			buildPhases = (
				142E071D2F93ABD40083CB3E /* Sources */,
				142E071E2F93ABD40083CB3E /* Frameworks */,
				142E071F2F93ABD40083CB3E /* Resources */,
			);
			buildRules = (
			);
			dependencies = (
			);
			fileSystemSynchronizedGroups = (
				142E07232F93ABD40083CB3E /* Mediacl Academic Interpreter */,
			);
			name = "Mediacl Academic Interpreter";
			packageProductDependencies = (
			);
			productName = "Mediacl Academic Interpreter";
			productReference = 142E07212F93ABD40083CB3E /* Mediacl Academic Interpreter.app */;
			productType = "com.apple.product-type.application";
		};
		142E07322F93ABD50083CB3E /* Mediacl Academic InterpreterTests */ = {
			isa = PBXNativeTarget;
			buildConfigurationList = 142E074A2F93ABD50083CB3E /* Build configuration list for PBXNativeTarget "Mediacl Academic InterpreterTests" */;
			buildPhases = (
				142E072F2F93ABD50083CB3E /* Sources */,
				142E07302F93ABD50083CB3E /* Frameworks */,
				142E07312F93ABD50083CB3E /* Resources */,
			);
			buildRules = (
			);
			dependencies = (
				142E07352F93ABD50083CB3E /* PBXTargetDependency */,
			);
			fileSystemSynchronizedGroups = (
				142E07362F93ABD50083CB3E /* Mediacl Academic InterpreterTests */,
			);
			name = "Mediacl Academic InterpreterTests";
			packageProductDependencies = (
			);
			productName = "Mediacl Academic InterpreterTests";
			productReference = 142E07332F93ABD50083CB3E /* Mediacl Academic InterpreterTests.xctest */;
			productType = "com.apple.product-type.bundle.unit-test";
		};
		142E073C2F93ABD50083CB3E /* Mediacl Academic InterpreterUITests */ = {
			isa = PBXNativeTarget;
			buildConfigurationList = 142E074D2F93ABD50083CB3E /* Build configuration list for PBXNativeTarget "Mediacl Academic InterpreterUITests" */;
			buildPhases = (
				142E07392F93ABD50083CB3E /* Sources */,
				142E073A2F93ABD50083CB3E /* Frameworks */,
				142E073B2F93ABD50083CB3E /* Resources */,
			);
			buildRules = (
			);
			dependencies = (
				142E073F2F93ABD50083CB3E /* PBXTargetDependency */,
			);
			fileSystemSynchronizedGroups = (
				142E07402F93ABD50083CB3E /* Mediacl Academic InterpreterUITests */,
			);
			name = "Mediacl Academic InterpreterUITests";
			packageProductDependencies = (
			);
			productName = "Mediacl Academic InterpreterUITests";
			productReference = 142E073D2F93ABD50083CB3E /* Mediacl Academic InterpreterUITests.xctest */;
			productType = "com.apple.product-type.bundle.ui-testing";
		};
/* End PBXNativeTarget section */

/* Begin PBXProject section */
		142E07192F93ABD40083CB3E /* Project object */ = {
			isa = PBXProject;
			attributes = {
				BuildIndependentTargetsInParallel = 1;
				LastSwiftUpdateCheck = 2640;
				LastUpgradeCheck = 2640;
				TargetAttributes = {
					142E07202F93ABD40083CB3E = {
						CreatedOnToolsVersion = 26.4.1;
					};
					142E07322F93ABD50083CB3E = {
						CreatedOnToolsVersion = 26.4.1;
						TestTargetID = 142E07202F93ABD40083CB3E;
					};
					142E073C2F93ABD50083CB3E = {
						CreatedOnToolsVersion = 26.4.1;
						TestTargetID = 142E07202F93ABD40083CB3E;
					};
				};
			};
			buildConfigurationList = 142E071C2F93ABD40083CB3E /* Build configuration list for PBXProject "Mediacl Academic Interpreter" */;
			developmentRegion = en;
			hasScannedForEncodings = 0;
			knownRegions = (
				en,
				Base,
			);
			mainGroup = 142E07182F93ABD40083CB3E;
			minimizedProjectReferenceProxies = 1;
			preferredProjectObjectVersion = 77;
			productRefGroup = 142E07222F93ABD40083CB3E /* Products */;
			projectDirPath = "";
			projectRoot = "";
			targets = (
				142E07202F93ABD40083CB3E /* Mediacl Academic Interpreter */,
				142E07322F93ABD50083CB3E /* Mediacl Academic InterpreterTests */,
				142E073C2F93ABD50083CB3E /* Mediacl Academic InterpreterUITests */,
			);
		};
/* End PBXProject section */

/* Begin PBXResourcesBuildPhase section */
		142E071F2F93ABD40083CB3E /* Resources */ = {
			isa = PBXResourcesBuildPhase;
			buildActionMask = 2147483647;
			files = (
			);
			runOnlyForDeploymentPostprocessing = 0;
		};
		142E07312F93ABD50083CB3E /* Resources */ = {
			isa = PBXResourcesBuildPhase;
			buildActionMask = 2147483647;
			files = (
			);
			runOnlyForDeploymentPostprocessing = 0;
		};
		142E073B2F93ABD50083CB3E /* Resources */ = {
			isa = PBXResourcesBuildPhase;
			buildActionMask = 2147483647;
			files = (
			);
			runOnlyForDeploymentPostprocessing = 0;
		};
/* End PBXResourcesBuildPhase section */

/* Begin PBXSourcesBuildPhase section */
		142E071D2F93ABD40083CB3E /* Sources */ = {
			isa = PBXSourcesBuildPhase;
			buildActionMask = 2147483647;
			files = (
			);
			runOnlyForDeploymentPostprocessing = 0;
		};
		142E072F2F93ABD50083CB3E /* Sources */ = {
			isa = PBXSourcesBuildPhase;
			buildActionMask = 2147483647;
			files = (
			);
			runOnlyForDeploymentPostprocessing = 0;
		};
		142E07392F93ABD50083CB3E /* Sources */ = {
			isa = PBXSourcesBuildPhase;
			buildActionMask = 2147483647;
			files = (
			);
			runOnlyForDeploymentPostprocessing = 0;
		};
/* End PBXSourcesBuildPhase section */

/* Begin PBXTargetDependency section */
		142E07352F93ABD50083CB3E /* PBXTargetDependency */ = {
			isa = PBXTargetDependency;
			target = 142E07202F93ABD40083CB3E /* Mediacl Academic Interpreter */;
			targetProxy = 142E07342F93ABD50083CB3E /* PBXContainerItemProxy */;
		};
		142E073F2F93ABD50083CB3E /* PBXTargetDependency */ = {
			isa = PBXTargetDependency;
			target = 142E07202F93ABD40083CB3E /* Mediacl Academic Interpreter */;
			targetProxy = 142E073E2F93ABD50083CB3E /* PBXContainerItemProxy */;
		};
/* End PBXTargetDependency section */

/* Begin XCBuildConfiguration section */
		142E07452F93ABD50083CB3E /* Debug */ = {
			isa = XCBuildConfiguration;
			buildSettings = {
				ALWAYS_SEARCH_USER_PATHS = NO;
				ASSETCATALOG_COMPILER_GENERATE_SWIFT_ASSET_SYMBOL_EXTENSIONS = YES;
				CLANG_ANALYZER_NONNULL = YES;
				CLANG_ANALYZER_NUMBER_OBJECT_CONVERSION = YES_AGGRESSIVE;
				CLANG_CXX_LANGUAGE_STANDARD = "gnu++20";
				CLANG_ENABLE_MODULES = YES;
				CLANG_ENABLE_OBJC_ARC = YES;
				CLANG_ENABLE_OBJC_WEAK = YES;
				CLANG_WARN_BLOCK_CAPTURE_AUTORELEASING = YES;
				CLANG_WARN_BOOL_CONVERSION = YES;
				CLANG_WARN_COMMA = YES;
				CLANG_WARN_CONSTANT_CONVERSION = YES;
				CLANG_WARN_DEPRECATED_OBJC_IMPLEMENTATIONS = YES;
				CLANG_WARN_DIRECT_OBJC_ISA_USAGE = YES_ERROR;
				CLANG_WARN_DOCUMENTATION_COMMENTS = YES;
				CLANG_WARN_EMPTY_BODY = YES;
				CLANG_WARN_ENUM_CONVERSION = YES;
				CLANG_WARN_INFINITE_RECURSION = YES;
				CLANG_WARN_INT_CONVERSION = YES;
				CLANG_WARN_NON_LITERAL_NULL_CONVERSION = YES;
				CLANG_WARN_OBJC_IMPLICIT_RETAIN_SELF = YES;
				CLANG_WARN_OBJC_LITERAL_CONVERSION = YES;
				CLANG_WARN_OBJC_ROOT_CLASS = YES_ERROR;
				CLANG_WARN_QUOTED_INCLUDE_IN_FRAMEWORK_HEADER = YES;
				CLANG_WARN_RANGE_LOOP_ANALYSIS = YES;
				CLANG_WARN_STRICT_PROTOTYPES = YES;
				CLANG_WARN_SUSPICIOUS_MOVE = YES;
				CLANG_WARN_UNGUARDED_AVAILABILITY = YES_AGGRESSIVE;
				CLANG_WARN_UNREACHABLE_CODE = YES;
				CLANG_WARN__DUPLICATE_METHOD_MATCH = YES;
				COPY_PHASE_STRIP = NO;
				DEBUG_INFORMATION_FORMAT = dwarf;
				ENABLE_STRICT_OBJC_MSGSEND = YES;
				ENABLE_TESTABILITY = YES;
				ENABLE_USER_SCRIPT_SANDBOXING = YES;
				GCC_C_LANGUAGE_STANDARD = gnu17;
				GCC_DYNAMIC_NO_PIC = NO;
				GCC_NO_COMMON_BLOCKS = YES;
				GCC_OPTIMIZATION_LEVEL = 0;
				GCC_PREPROCESSOR_DEFINITIONS = (
					"DEBUG=1",
					"$(inherited)",
				);
				GCC_WARN_64_TO_32_BIT_CONVERSION = YES;
				GCC_WARN_ABOUT_RETURN_TYPE = YES_ERROR;
				GCC_WARN_UNDECLARED_SELECTOR = YES;
				GCC_WARN_UNINITIALIZED_AUTOS = YES_AGGRESSIVE;
				GCC_WARN_UNUSED_FUNCTION = YES;
				GCC_WARN_UNUSED_VARIABLE = YES;
				IPHONEOS_DEPLOYMENT_TARGET = 26.4;
				LOCALIZATION_PREFERS_STRING_CATALOGS = YES;
				MTL_ENABLE_DEBUG_INFO = INCLUDE_SOURCE;
				MTL_FAST_MATH = YES;
				ONLY_ACTIVE_ARCH = YES;
				SDKROOT = iphoneos;
				SWIFT_ACTIVE_COMPILATION_CONDITIONS = "DEBUG $(inherited)";
				SWIFT_OPTIMIZATION_LEVEL = "-Onone";
			};
			name = Debug;
		};
		142E07462F93ABD50083CB3E /* Release */ = {
			isa = XCBuildConfiguration;
			buildSettings = {
				ALWAYS_SEARCH_USER_PATHS = NO;
				ASSETCATALOG_COMPILER_GENERATE_SWIFT_ASSET_SYMBOL_EXTENSIONS = YES;
				CLANG_ANALYZER_NONNULL = YES;
				CLANG_ANALYZER_NUMBER_OBJECT_CONVERSION = YES_AGGRESSIVE;
				CLANG_CXX_LANGUAGE_STANDARD = "gnu++20";
				CLANG_ENABLE_MODULES = YES;
				CLANG_ENABLE_OBJC_ARC = YES;
				CLANG_ENABLE_OBJC_WEAK = YES;
				CLANG_WARN_BLOCK_CAPTURE_AUTORELEASING = YES;
				CLANG_WARN_BOOL_CONVERSION = YES;
				CLANG_WARN_COMMA = YES;
				CLANG_WARN_CONSTANT_CONVERSION = YES;
				CLANG_WARN_DEPRECATED_OBJC_IMPLEMENTATIONS = YES;
				CLANG_WARN_DIRECT_OBJC_ISA_USAGE = YES_ERROR;
				CLANG_WARN_DOCUMENTATION_COMMENTS = YES;
				CLANG_WARN_EMPTY_BODY = YES;
				CLANG_WARN_ENUM_CONVERSION = YES;
				CLANG_WARN_INFINITE_RECURSION = YES;
				CLANG_WARN_INT_CONVERSION = YES;
				CLANG_WARN_NON_LITERAL_NULL_CONVERSION = YES;
				CLANG_WARN_OBJC_IMPLICIT_RETAIN_SELF = YES;
				CLANG_WARN_OBJC_LITERAL_CONVERSION = YES;
				CLANG_WARN_OBJC_ROOT_CLASS = YES_ERROR;
				CLANG_WARN_QUOTED_INCLUDE_IN_FRAMEWORK_HEADER = YES;
				CLANG_WARN_RANGE_LOOP_ANALYSIS = YES;
				CLANG_WARN_STRICT_PROTOTYPES = YES;
				CLANG_WARN_SUSPICIOUS_MOVE = YES;
				CLANG_WARN_UNGUARDED_AVAILABILITY = YES_AGGRESSIVE;
				CLANG_WARN_UNREACHABLE_CODE = YES;
				CLANG_WARN__DUPLICATE_METHOD_MATCH = YES;
				COPY_PHASE_STRIP = NO;
				DEBUG_INFORMATION_FORMAT = "dwarf-with-dsym";
				ENABLE_NS_ASSERTIONS = NO;
				ENABLE_STRICT_OBJC_MSGSEND = YES;
				ENABLE_USER_SCRIPT_SANDBOXING = YES;
				GCC_C_LANGUAGE_STANDARD = gnu17;
				GCC_NO_COMMON_BLOCKS = YES;
				GCC_WARN_64_TO_32_BIT_CONVERSION = YES;
				GCC_WARN_ABOUT_RETURN_TYPE = YES_ERROR;
				GCC_WARN_UNDECLARED_SELECTOR = YES;
				GCC_WARN_UNINITIALIZED_AUTOS = YES_AGGRESSIVE;
				GCC_WARN_UNUSED_FUNCTION = YES;
				GCC_WARN_UNUSED_VARIABLE = YES;
				IPHONEOS_DEPLOYMENT_TARGET = 26.4;
				LOCALIZATION_PREFERS_STRING_CATALOGS = YES;
				MTL_ENABLE_DEBUG_INFO = NO;
				MTL_FAST_MATH = YES;
				SDKROOT = iphoneos;
				SWIFT_COMPILATION_MODE = wholemodule;
				VALIDATE_PRODUCT = YES;
			};
			name = Release;
		};
		142E07482F93ABD50083CB3E /* Debug */ = {
			isa = XCBuildConfiguration;
			buildSettings = {
				ASSETCATALOG_COMPILER_APPICON_NAME = AppIcon;
				ASSETCATALOG_COMPILER_GLOBAL_ACCENT_COLOR_NAME = AccentColor;
				CODE_SIGN_STYLE = Automatic;
				CURRENT_PROJECT_VERSION = 1;
				ENABLE_PREVIEWS = YES;
				GENERATE_INFOPLIST_FILE = YES;
				INFOPLIST_KEY_UIApplicationSceneManifest_Generation = YES;
				INFOPLIST_KEY_UIApplicationSupportsIndirectInputEvents = YES;
				INFOPLIST_KEY_UILaunchScreen_Generation = YES;
				INFOPLIST_KEY_UISupportedInterfaceOrientations_iPad = "UIInterfaceOrientationPortrait UIInterfaceOrientationPortraitUpsideDown UIInterfaceOrientationLandscapeLeft UIInterfaceOrientationLandscapeRight";
				INFOPLIST_KEY_UISupportedInterfaceOrientations_iPhone = "UIInterfaceOrientationPortrait UIInterfaceOrientationLandscapeLeft UIInterfaceOrientationLandscapeRight";
				LD_RUNPATH_SEARCH_PATHS = (
					"$(inherited)",
					"@executable_path/Frameworks",
				);
				MARKETING_VERSION = 1.0;
				PRODUCT_BUNDLE_IDENTIFIER = "ty.Mediacl-Academic-Interpreter";
				PRODUCT_NAME = "$(TARGET_NAME)";
				STRING_CATALOG_GENERATE_SYMBOLS = YES;
				SWIFT_APPROACHABLE_CONCURRENCY = YES;
				SWIFT_DEFAULT_ACTOR_ISOLATION = MainActor;
				SWIFT_EMIT_LOC_STRINGS = YES;
				SWIFT_UPCOMING_FEATURE_MEMBER_IMPORT_VISIBILITY = YES;
				SWIFT_VERSION = 5.0;
				TARGETED_DEVICE_FAMILY = "1,2";
			};
			name = Debug;
		};
		142E07492F93ABD50083CB3E /* Release */ = {
			isa = XCBuildConfiguration;
			buildSettings = {
				ASSETCATALOG_COMPILER_APPICON_NAME = AppIcon;
				ASSETCATALOG_COMPILER_GLOBAL_ACCENT_COLOR_NAME = AccentColor;
				CODE_SIGN_STYLE = Automatic;
				CURRENT_PROJECT_VERSION = 1;
				ENABLE_PREVIEWS = YES;
				GENERATE_INFOPLIST_FILE = YES;
				INFOPLIST_KEY_UIApplicationSceneManifest_Generation = YES;
				INFOPLIST_KEY_UIApplicationSupportsIndirectInputEvents = YES;
				INFOPLIST_KEY_UILaunchScreen_Generation = YES;
				INFOPLIST_KEY_UISupportedInterfaceOrientations_iPad = "UIInterfaceOrientationPortrait UIInterfaceOrientationPortraitUpsideDown UIInterfaceOrientationLandscapeLeft UIInterfaceOrientationLandscapeRight";
				INFOPLIST_KEY_UISupportedInterfaceOrientations_iPhone = "UIInterfaceOrientationPortrait UIInterfaceOrientationLandscapeLeft UIInterfaceOrientationLandscapeRight";
				LD_RUNPATH_SEARCH_PATHS = (
					"$(inherited)",
					"@executable_path/Frameworks",
				);
				MARKETING_VERSION = 1.0;
				PRODUCT_BUNDLE_IDENTIFIER = "ty.Mediacl-Academic-Interpreter";
				PRODUCT_NAME = "$(TARGET_NAME)";
				STRING_CATALOG_GENERATE_SYMBOLS = YES;
				SWIFT_APPROACHABLE_CONCURRENCY = YES;
				SWIFT_DEFAULT_ACTOR_ISOLATION = MainActor;
				SWIFT_EMIT_LOC_STRINGS = YES;
				SWIFT_UPCOMING_FEATURE_MEMBER_IMPORT_VISIBILITY = YES;
				SWIFT_VERSION = 5.0;
				TARGETED_DEVICE_FAMILY = "1,2";
			};
			name = Release;
		};
		142E074B2F93ABD50083CB3E /* Debug */ = {
			isa = XCBuildConfiguration;
			buildSettings = {
				BUNDLE_LOADER = "$(TEST_HOST)";
				CODE_SIGN_STYLE = Automatic;
				CURRENT_PROJECT_VERSION = 1;
				GENERATE_INFOPLIST_FILE = YES;
				IPHONEOS_DEPLOYMENT_TARGET = 26.4;
				MARKETING_VERSION = 1.0;
				PRODUCT_BUNDLE_IDENTIFIER = "ty.Mediacl-Academic-InterpreterTests";
				PRODUCT_NAME = "$(TARGET_NAME)";
				STRING_CATALOG_GENERATE_SYMBOLS = NO;
				SWIFT_APPROACHABLE_CONCURRENCY = YES;
				SWIFT_EMIT_LOC_STRINGS = NO;
				SWIFT_UPCOMING_FEATURE_MEMBER_IMPORT_VISIBILITY = YES;
				SWIFT_VERSION = 5.0;
				TARGETED_DEVICE_FAMILY = "1,2";
				TEST_HOST = "$(BUILT_PRODUCTS_DIR)/Mediacl Academic Interpreter.app/$(BUNDLE_EXECUTABLE_FOLDER_PATH)/Mediacl Academic Interpreter";
			};
			name = Debug;
		};
		142E074C2F93ABD50083CB3E /* Release */ = {
			isa = XCBuildConfiguration;
			buildSettings = {
				BUNDLE_LOADER = "$(TEST_HOST)";
				CODE_SIGN_STYLE = Automatic;
				CURRENT_PROJECT_VERSION = 1;
				GENERATE_INFOPLIST_FILE = YES;
				IPHONEOS_DEPLOYMENT_TARGET = 26.4;
				MARKETING_VERSION = 1.0;
				PRODUCT_BUNDLE_IDENTIFIER = "ty.Mediacl-Academic-InterpreterTests";
				PRODUCT_NAME = "$(TARGET_NAME)";
				STRING_CATALOG_GENERATE_SYMBOLS = NO;
				SWIFT_APPROACHABLE_CONCURRENCY = YES;
				SWIFT_EMIT_LOC_STRINGS = NO;
				SWIFT_UPCOMING_FEATURE_MEMBER_IMPORT_VISIBILITY = YES;
				SWIFT_VERSION = 5.0;
				TARGETED_DEVICE_FAMILY = "1,2";
				TEST_HOST = "$(BUILT_PRODUCTS_DIR)/Mediacl Academic Interpreter.app/$(BUNDLE_EXECUTABLE_FOLDER_PATH)/Mediacl Academic Interpreter";
			};
			name = Release;
		};
		142E074E2F93ABD50083CB3E /* Debug */ = {
			isa = XCBuildConfiguration;
			buildSettings = {
				CODE_SIGN_STYLE = Automatic;
				CURRENT_PROJECT_VERSION = 1;
				GENERATE_INFOPLIST_FILE = YES;
				MARKETING_VERSION = 1.0;
				PRODUCT_BUNDLE_IDENTIFIER = "ty.Mediacl-Academic-InterpreterUITests";
				PRODUCT_NAME = "$(TARGET_NAME)";
				STRING_CATALOG_GENERATE_SYMBOLS = NO;
				SWIFT_APPROACHABLE_CONCURRENCY = YES;
				SWIFT_EMIT_LOC_STRINGS = NO;
				SWIFT_UPCOMING_FEATURE_MEMBER_IMPORT_VISIBILITY = YES;
				SWIFT_VERSION = 5.0;
				TARGETED_DEVICE_FAMILY = "1,2";
				TEST_TARGET_NAME = "Mediacl Academic Interpreter";
			};
			name = Debug;
		};
		142E074F2F93ABD50083CB3E /* Release */ = {
			isa = XCBuildConfiguration;
			buildSettings = {
				CODE_SIGN_STYLE = Automatic;
				CURRENT_PROJECT_VERSION = 1;
				GENERATE_INFOPLIST_FILE = YES;
				MARKETING_VERSION = 1.0;
				PRODUCT_BUNDLE_IDENTIFIER = "ty.Mediacl-Academic-InterpreterUITests";
				PRODUCT_NAME = "$(TARGET_NAME)";
				STRING_CATALOG_GENERATE_SYMBOLS = NO;
				SWIFT_APPROACHABLE_CONCURRENCY = YES;
				SWIFT_EMIT_LOC_STRINGS = NO;
				SWIFT_UPCOMING_FEATURE_MEMBER_IMPORT_VISIBILITY = YES;
				SWIFT_VERSION = 5.0;
				TARGETED_DEVICE_FAMILY = "1,2";
				TEST_TARGET_NAME = "Mediacl Academic Interpreter";
			};
			name = Release;
		};
/* End XCBuildConfiguration section */

/* Begin XCConfigurationList section */
		142E071C2F93ABD40083CB3E /* Build configuration list for PBXProject "Mediacl Academic Interpreter" */ = {
			isa = XCConfigurationList;
			buildConfigurations = (
				142E07452F93ABD50083CB3E /* Debug */,
				142E07462F93ABD50083CB3E /* Release */,
			);
			defaultConfigurationIsVisible = 0;
			defaultConfigurationName = Release;
		};
		142E07472F93ABD50083CB3E /* Build configuration list for PBXNativeTarget "Mediacl Academic Interpreter" */ = {
			isa = XCConfigurationList;
			buildConfigurations = (
				142E07482F93ABD50083CB3E /* Debug */,
				142E07492F93ABD50083CB3E /* Release */,
			);
			defaultConfigurationIsVisible = 0;
			defaultConfigurationName = Release;
		};
		142E074A2F93ABD50083CB3E /* Build configuration list for PBXNativeTarget "Mediacl Academic InterpreterTests" */ = {
			isa = XCConfigurationList;
			buildConfigurations = (
				142E074B2F93ABD50083CB3E /* Debug */,
				142E074C2F93ABD50083CB3E /* Release */,
			);
			defaultConfigurationIsVisible = 0;
			defaultConfigurationName = Release;
		};
		142E074D2F93ABD50083CB3E /* Build configuration list for PBXNativeTarget "Mediacl Academic InterpreterUITests" */ = {
			isa = XCConfigurationList;
			buildConfigurations = (
				142E074E2F93ABD50083CB3E /* Debug */,
				142E074F2F93ABD50083CB3E /* Release */,
			);
			defaultConfigurationIsVisible = 0;
			defaultConfigurationName = Release;
		};
/* End XCConfigurationList section */
	};
	rootObject = 142E07192F93ABD40083CB3E /* Project object */;
}
